
Microsoft Visual Studio Solution File, Format Version 12.00
# Visual Studio Version 18
VisualStudioVersion = 18.3.11527.330 d18.3
MinimumVisualStudioVersion = 10.0.40219.1
Project("{FAE04EC0-301F-11D3-BF4B-00C04F79EFBC}") = "SauceDemoLogin", "SauceDemoLogin.csproj", "{719472D5-2D2D-77F8-402E-744F5B7A620F}"
EndProject
Global
	GlobalSection(SolutionConfigurationPlatforms) = preSolution
		Debug|Any CPU = Debug|Any CPU
		Release|Any CPU = Release|Any CPU
	EndGlobalSection
	GlobalSection(ProjectConfigurationPlatforms) = postSolution
		{719472D5-2D2D-77F8-402E-744F5B7A620F}.Debug|Any CPU.ActiveCfg = Debug|Any CPU
		{719472D5-2D2D-77F8-402E-744F5B7A620F}.Debug|Any CPU.Build.0 = Debug|Any CPU
		{719472D5-2D2D-77F8-402E-744F5B7A620F}.Release|Any CPU.ActiveCfg = Release|Any CPU
		{719472D5-2D2D-77F8-402E-744F5B7A620F}.Release|Any CPU.Build.0 = Release|Any CPU
	EndGlobalSection
	GlobalSection(SolutionProperties) = preSolution
		HideSolutionNode = FALSE
	EndGlobalSection
	GlobalSection(ExtensibilityGlobals) = postSolution
		SolutionGuid = {133E0482-2268-4786-B15D-2C30402CD2D4}
	EndGlobalSection
EndGlobal
